// !$*UTF8*$!
{
	archiveVersion = 1;
	classes = {
	};
	objectVersion = 56;
	objects = {

/* Begin PBXBuildFile section */
		7F6C2E402B4F4E9000A1B201 /* CodexPlusApp.swift in Sources */ = {isa = PBXBuildFile; fileRef = 7F6C2E3D2B4F4E9000A1B201 /* CodexPlusApp.swift */; };
		7F6C2E412B4F4E9000A1B201 /* MenuBarContentView.swift in Sources */ = {isa = PBXBuildFile; fileRef = 7F6C2E3E2B4F4E9000A1B201 /* MenuBarContentView.swift */; };
		7F6C2E502B4F4E9000A1B201 /* UsageSnapshot.swift in Sources */ = {isa = PBXBuildFile; fileRef = 7F6C2E542B4F4E9000A1B201 /* UsageSnapshot.swift */; };
		7F6C2E512B4F4E9000A1B201 /* UsageProvider.swift in Sources */ = {isa = PBXBuildFile; fileRef = 7F6C2E552B4F4E9000A1B201 /* UsageProvider.swift */; };
		7F6C2E522B4F4E9000A1B201 /* MockUsageProvider.swift in Sources */ = {isa = PBXBuildFile; fileRef = 7F6C2E562B4F4E9000A1B201 /* MockUsageProvider.swift */; };
		7F6C2E532B4F4E9000A1B201 /* UsageService.swift in Sources */ = {isa = PBXBuildFile; fileRef = 7F6C2E572B4F4E9000A1B201 /* UsageService.swift */; };
		7F6C2E602B4F4E9000A1B201 /* MenuBarDisplayMode.swift in Sources */ = {isa = PBXBuildFile; fileRef = 7F6C2E622B4F4E9000A1B201 /* MenuBarDisplayMode.swift */; };
		7F6C2E612B4F4E9000A1B201 /* SettingsStore.swift in Sources */ = {isa = PBXBuildFile; fileRef = 7F6C2E632B4F4E9000A1B201 /* SettingsStore.swift */; };
		7F6C2E702B4F4E9000A1B201 /* CodexDesktopUsageProvider.swift in Sources */ = {isa = PBXBuildFile; fileRef = 7F6C2E732B4F4E9000A1B201 /* CodexDesktopUsageProvider.swift */; };
		7F6C2E712B4F4E9000A1B201 /* CodexUsageLogParser.swift in Sources */ = {isa = PBXBuildFile; fileRef = 7F6C2E742B4F4E9000A1B201 /* CodexUsageLogParser.swift */; };
		7F6C2E722B4F4E9000A1B201 /* libsqlite3.tbd in Frameworks */ = {isa = PBXBuildFile; fileRef = 7F6C2E752B4F4E9000A1B201 /* libsqlite3.tbd */; };
		7F6C2F402B4F4E9000A1B201 /* Assets.xcassets in Resources */ = {isa = PBXBuildFile; fileRef = 7F6C2F412B4F4E9000A1B201 /* Assets.xcassets */; };
		7F6C2F102B4F4E9000A1B201 /* UsageModelTests.swift in Sources */ = {isa = PBXBuildFile; fileRef = 7F6C2F012B4F4E9000A1B201 /* UsageModelTests.swift */; };
		7F6C2F112B4F4E9000A1B201 /* CodexUsageLogParserTests.swift in Sources */ = {isa = PBXBuildFile; fileRef = 7F6C2F022B4F4E9000A1B201 /* CodexUsageLogParserTests.swift */; };
		7F6C2F122B4F4E9000A1B201 /* UsageServiceTests.swift in Sources */ = {isa = PBXBuildFile; fileRef = 7F6C2F032B4F4E9000A1B201 /* UsageServiceTests.swift */; };
		7F6C2F132B4F4E9000A1B201 /* MenuBarContentViewSmokeTests.swift in Sources */ = {isa = PBXBuildFile; fileRef = 7F6C2F042B4F4E9000A1B201 /* MenuBarContentViewSmokeTests.swift */; };
		7F6C2F142B4F4E9000A1B201 /* response_completed_usage.log in Resources */ = {isa = PBXBuildFile; fileRef = 7F6C2F052B4F4E9000A1B201 /* response_completed_usage.log */; };
		7F6C2F152B4F4E9000A1B201 /* codex_rate_limits.log in Resources */ = {isa = PBXBuildFile; fileRef = 7F6C2F062B4F4E9000A1B201 /* codex_rate_limits.log */; };
		7F6C2F302B4F4E9000A1B201 /* MenuBarContentView.swift in Sources */ = {isa = PBXBuildFile; fileRef = 7F6C2E3E2B4F4E9000A1B201 /* MenuBarContentView.swift */; };
		7F6C2F312B4F4E9000A1B201 /* UsageSnapshot.swift in Sources */ = {isa = PBXBuildFile; fileRef = 7F6C2E542B4F4E9000A1B201 /* UsageSnapshot.swift */; };
		7F6C2F322B4F4E9000A1B201 /* UsageProvider.swift in Sources */ = {isa = PBXBuildFile; fileRef = 7F6C2E552B4F4E9000A1B201 /* UsageProvider.swift */; };
		7F6C2F332B4F4E9000A1B201 /* MockUsageProvider.swift in Sources */ = {isa = PBXBuildFile; fileRef = 7F6C2E562B4F4E9000A1B201 /* MockUsageProvider.swift */; };
		7F6C2F342B4F4E9000A1B201 /* UsageService.swift in Sources */ = {isa = PBXBuildFile; fileRef = 7F6C2E572B4F4E9000A1B201 /* UsageService.swift */; };
		7F6C2F352B4F4E9000A1B201 /* MenuBarDisplayMode.swift in Sources */ = {isa = PBXBuildFile; fileRef = 7F6C2E622B4F4E9000A1B201 /* MenuBarDisplayMode.swift */; };
		7F6C2F362B4F4E9000A1B201 /* SettingsStore.swift in Sources */ = {isa = PBXBuildFile; fileRef = 7F6C2E632B4F4E9000A1B201 /* SettingsStore.swift */; };
		7F6C2F372B4F4E9000A1B201 /* CodexDesktopUsageProvider.swift in Sources */ = {isa = PBXBuildFile; fileRef = 7F6C2E732B4F4E9000A1B201 /* CodexDesktopUsageProvider.swift */; };
		7F6C2F382B4F4E9000A1B201 /* CodexUsageLogParser.swift in Sources */ = {isa = PBXBuildFile; fileRef = 7F6C2E742B4F4E9000A1B201 /* CodexUsageLogParser.swift */; };
		7F6C2F392B4F4E9000A1B201 /* libsqlite3.tbd in Frameworks */ = {isa = PBXBuildFile; fileRef = 7F6C2E752B4F4E9000A1B201 /* libsqlite3.tbd */; };
/* End PBXBuildFile section */

/* Begin PBXFileReference section */
		7F6C2E362B4F4E9000A1B201 /* Codex用量.app */ = {isa = PBXFileReference; explicitFileType = wrapper.application; includeInIndex = 0; path = "Codex用量.app"; sourceTree = BUILT_PRODUCTS_DIR; };
		7F6C2E3D2B4F4E9000A1B201 /* CodexPlusApp.swift */ = {isa = PBXFileReference; lastKnownFileType = sourcecode.swift; path = CodexPlusApp.swift; sourceTree = "<group>"; };
		7F6C2E3E2B4F4E9000A1B201 /* MenuBarContentView.swift */ = {isa = PBXFileReference; lastKnownFileType = sourcecode.swift; path = MenuBarContentView.swift; sourceTree = "<group>"; };
		7F6C2E3F2B4F4E9000A1B201 /* Info.plist */ = {isa = PBXFileReference; lastKnownFileType = text.plist.xml; path = Info.plist; sourceTree = "<group>"; };
		7F6C2F412B4F4E9000A1B201 /* Assets.xcassets */ = {isa = PBXFileReference; lastKnownFileType = folder.assetcatalog; path = Assets.xcassets; sourceTree = "<group>"; };
		7F6C2E542B4F4E9000A1B201 /* UsageSnapshot.swift */ = {isa = PBXFileReference; lastKnownFileType = sourcecode.swift; path = UsageSnapshot.swift; sourceTree = "<group>"; };
		7F6C2E552B4F4E9000A1B201 /* UsageProvider.swift */ = {isa = PBXFileReference; lastKnownFileType = sourcecode.swift; path = UsageProvider.swift; sourceTree = "<group>"; };
		7F6C2E562B4F4E9000A1B201 /* MockUsageProvider.swift */ = {isa = PBXFileReference; lastKnownFileType = sourcecode.swift; path = MockUsageProvider.swift; sourceTree = "<group>"; };
		7F6C2E572B4F4E9000A1B201 /* UsageService.swift */ = {isa = PBXFileReference; lastKnownFileType = sourcecode.swift; path = UsageService.swift; sourceTree = "<group>"; };
		7F6C2E622B4F4E9000A1B201 /* MenuBarDisplayMode.swift */ = {isa = PBXFileReference; lastKnownFileType = sourcecode.swift; path = MenuBarDisplayMode.swift; sourceTree = "<group>"; };
		7F6C2E632B4F4E9000A1B201 /* SettingsStore.swift */ = {isa = PBXFileReference; lastKnownFileType = sourcecode.swift; path = SettingsStore.swift; sourceTree = "<group>"; };
		7F6C2E732B4F4E9000A1B201 /* CodexDesktopUsageProvider.swift */ = {isa = PBXFileReference; lastKnownFileType = sourcecode.swift; path = CodexDesktopUsageProvider.swift; sourceTree = "<group>"; };
		7F6C2E742B4F4E9000A1B201 /* CodexUsageLogParser.swift */ = {isa = PBXFileReference; lastKnownFileType = sourcecode.swift; path = CodexUsageLogParser.swift; sourceTree = "<group>"; };
		7F6C2E752B4F4E9000A1B201 /* libsqlite3.tbd */ = {isa = PBXFileReference; lastKnownFileType = "sourcecode.text-based-dylib-definition"; name = libsqlite3.tbd; path = usr/lib/libsqlite3.tbd; sourceTree = SDKROOT; };
		7F6C2F002B4F4E9000A1B201 /* CodexPlusTests.xctest */ = {isa = PBXFileReference; explicitFileType = wrapper.cfbundle; includeInIndex = 0; path = CodexPlusTests.xctest; sourceTree = BUILT_PRODUCTS_DIR; };
		7F6C2F012B4F4E9000A1B201 /* UsageModelTests.swift */ = {isa = PBXFileReference; lastKnownFileType = sourcecode.swift; path = UsageModelTests.swift; sourceTree = "<group>"; };
		7F6C2F022B4F4E9000A1B201 /* CodexUsageLogParserTests.swift */ = {isa = PBXFileReference; lastKnownFileType = sourcecode.swift; path = CodexUsageLogParserTests.swift; sourceTree = "<group>"; };
		7F6C2F032B4F4E9000A1B201 /* UsageServiceTests.swift */ = {isa = PBXFileReference; lastKnownFileType = sourcecode.swift; path = UsageServiceTests.swift; sourceTree = "<group>"; };
		7F6C2F042B4F4E9000A1B201 /* MenuBarContentViewSmokeTests.swift */ = {isa = PBXFileReference; lastKnownFileType = sourcecode.swift; path = MenuBarContentViewSmokeTests.swift; sourceTree = "<group>"; };
		7F6C2F052B4F4E9000A1B201 /* response_completed_usage.log */ = {isa = PBXFileReference; lastKnownFileType = text; path = response_completed_usage.log; sourceTree = "<group>"; };
		7F6C2F062B4F4E9000A1B201 /* codex_rate_limits.log */ = {isa = PBXFileReference; lastKnownFileType = text; path = codex_rate_limits.log; sourceTree = "<group>"; };
/* End PBXFileReference section */

/* Begin PBXFrameworksBuildPhase section */
		7F6C2E332B4F4E9000A1B201 /* Frameworks */ = {
			isa = PBXFrameworksBuildPhase;
			buildActionMask = 2147483647;
			files = (
				7F6C2E722B4F4E9000A1B201 /* libsqlite3.tbd in Frameworks */,
			);
			runOnlyForDeploymentPostprocessing = 0;
		};
		7F6C2F1A2B4F4E9000A1B201 /* Frameworks */ = {
			isa = PBXFrameworksBuildPhase;
			buildActionMask = 2147483647;
			files = (
				7F6C2F392B4F4E9000A1B201 /* libsqlite3.tbd in Frameworks */,
			);
			runOnlyForDeploymentPostprocessing = 0;
		};
/* End PBXFrameworksBuildPhase section */

/* Begin PBXGroup section */
		7F6C2E2C2B4F4E9000A1B201 = {
			isa = PBXGroup;
			children = (
				7F6C2E372B4F4E9000A1B201 /* CodexPlus */,
				7F6C2F0A2B4F4E9000A1B201 /* CodexPlusTests */,
				7F6C2E762B4F4E9000A1B201 /* Frameworks */,
				7F6C2E352B4F4E9000A1B201 /* Products */,
			);
			sourceTree = "<group>";
		};
		7F6C2E352B4F4E9000A1B201 /* Products */ = {
			isa = PBXGroup;
			children = (
				7F6C2E362B4F4E9000A1B201 /* Codex用量.app */,
				7F6C2F002B4F4E9000A1B201 /* CodexPlusTests.xctest */,
			);
			name = Products;
			sourceTree = "<group>";
		};
		7F6C2E372B4F4E9000A1B201 /* CodexPlus */ = {
			isa = PBXGroup;
			children = (
				7F6C2E582B4F4E9000A1B201 /* Models */,
				7F6C2E592B4F4E9000A1B201 /* Providers */,
				7F6C2E5A2B4F4E9000A1B201 /* Services */,
				7F6C2E642B4F4E9000A1B201 /* Settings */,
				7F6C2E3D2B4F4E9000A1B201 /* CodexPlusApp.swift */,
				7F6C2E3E2B4F4E9000A1B201 /* MenuBarContentView.swift */,
				7F6C2E3F2B4F4E9000A1B201 /* Info.plist */,
				7F6C2F412B4F4E9000A1B201 /* Assets.xcassets */,
			);
			path = CodexPlus;
			sourceTree = "<group>";
		};
		7F6C2E582B4F4E9000A1B201 /* Models */ = {
			isa = PBXGroup;
			children = (
				7F6C2E622B4F4E9000A1B201 /* MenuBarDisplayMode.swift */,
				7F6C2E542B4F4E9000A1B201 /* UsageSnapshot.swift */,
			);
			path = Models;
			sourceTree = "<group>";
		};
		7F6C2E592B4F4E9000A1B201 /* Providers */ = {
			isa = PBXGroup;
			children = (
				7F6C2E732B4F4E9000A1B201 /* CodexDesktopUsageProvider.swift */,
				7F6C2E742B4F4E9000A1B201 /* CodexUsageLogParser.swift */,
				7F6C2E552B4F4E9000A1B201 /* UsageProvider.swift */,
				7F6C2E562B4F4E9000A1B201 /* MockUsageProvider.swift */,
			);
			path = Providers;
			sourceTree = "<group>";
		};
		7F6C2E5A2B4F4E9000A1B201 /* Services */ = {
			isa = PBXGroup;
			children = (
				7F6C2E572B4F4E9000A1B201 /* UsageService.swift */,
			);
			path = Services;
			sourceTree = "<group>";
		};
		7F6C2E642B4F4E9000A1B201 /* Settings */ = {
			isa = PBXGroup;
			children = (
				7F6C2E632B4F4E9000A1B201 /* SettingsStore.swift */,
			);
			path = Settings;
			sourceTree = "<group>";
		};
		7F6C2F0A2B4F4E9000A1B201 /* CodexPlusTests */ = {
			isa = PBXGroup;
			children = (
				7F6C2F012B4F4E9000A1B201 /* UsageModelTests.swift */,
				7F6C2F022B4F4E9000A1B201 /* CodexUsageLogParserTests.swift */,
				7F6C2F032B4F4E9000A1B201 /* UsageServiceTests.swift */,
				7F6C2F042B4F4E9000A1B201 /* MenuBarContentViewSmokeTests.swift */,
				7F6C2F0B2B4F4E9000A1B201 /* Fixtures */,
			);
			path = CodexPlusTests;
			sourceTree = "<group>";
		};
		7F6C2F0B2B4F4E9000A1B201 /* Fixtures */ = {
			isa = PBXGroup;
			children = (
				7F6C2F052B4F4E9000A1B201 /* response_completed_usage.log */,
				7F6C2F062B4F4E9000A1B201 /* codex_rate_limits.log */,
			);
			path = Fixtures;
			sourceTree = "<group>";
		};
		7F6C2E762B4F4E9000A1B201 /* Frameworks */ = {
			isa = PBXGroup;
			children = (
				7F6C2E752B4F4E9000A1B201 /* libsqlite3.tbd */,
			);
			name = Frameworks;
			sourceTree = "<group>";
		};
/* End PBXGroup section */

/* Begin PBXNativeTarget section */
		7F6C2E342B4F4E9000A1B201 /* CodexPlus */ = {
			isa = PBXNativeTarget;
			buildConfigurationList = 7F6C2E452B4F4E9000A1B201 /* Build configuration list for PBXNativeTarget "CodexPlus" */;
			buildPhases = (
				7F6C2E312B4F4E9000A1B201 /* Sources */,
				7F6C2E332B4F4E9000A1B201 /* Frameworks */,
				7F6C2E322B4F4E9000A1B201 /* Resources */,
			);
			buildRules = (
			);
			dependencies = (
			);
			name = CodexPlus;
			productName = CodexPlus;
			productReference = 7F6C2E362B4F4E9000A1B201 /* Codex用量.app */;
			productType = "com.apple.product-type.application";
		};
		7F6C2F202B4F4E9000A1B201 /* CodexPlusTests */ = {
			isa = PBXNativeTarget;
			buildConfigurationList = 7F6C2F252B4F4E9000A1B201 /* Build configuration list for PBXNativeTarget "CodexPlusTests" */;
			buildPhases = (
				7F6C2F1C2B4F4E9000A1B201 /* Sources */,
				7F6C2F1A2B4F4E9000A1B201 /* Frameworks */,
				7F6C2F1B2B4F4E9000A1B201 /* Resources */,
			);
			buildRules = (
			);
			dependencies = (
			);
			name = CodexPlusTests;
			productName = CodexPlusTests;
			productReference = 7F6C2F002B4F4E9000A1B201 /* CodexPlusTests.xctest */;
			productType = "com.apple.product-type.bundle.unit-test";
		};
/* End PBXNativeTarget section */

/* Begin PBXProject section */
		7F6C2E2D2B4F4E9000A1B201 /* Project object */ = {
			isa = PBXProject;
			attributes = {
				BuildIndependentTargetsInParallel = 1;
				LastSwiftUpdateCheck = 1600;
				LastUpgradeCheck = 1600;
				TargetAttributes = {
					7F6C2E342B4F4E9000A1B201 = {
						CreatedOnToolsVersion = 16.0;
					};
					7F6C2F202B4F4E9000A1B201 = {
						CreatedOnToolsVersion = 16.0;
					};
				};
			};
			buildConfigurationList = 7F6C2E302B4F4E9000A1B201 /* Build configuration list for PBXProject "CodexPlus" */;
			compatibilityVersion = "Xcode 14.0";
			developmentRegion = zh-Hans;
			hasScannedForEncodings = 0;
			knownRegions = (
				"zh-Hans",
				en,
				Base,
			);
			mainGroup = 7F6C2E2C2B4F4E9000A1B201;
			productRefGroup = 7F6C2E352B4F4E9000A1B201 /* Products */;
			projectDirPath = "";
			projectRoot = "";
			targets = (
				7F6C2E342B4F4E9000A1B201 /* CodexPlus */,
				7F6C2F202B4F4E9000A1B201 /* CodexPlusTests */,
			);
		};
/* End PBXProject section */

/* Begin PBXResourcesBuildPhase section */
		7F6C2E322B4F4E9000A1B201 /* Resources */ = {
			isa = PBXResourcesBuildPhase;
			buildActionMask = 2147483647;
			files = (
				7F6C2F402B4F4E9000A1B201 /* Assets.xcassets in Resources */,
			);
			runOnlyForDeploymentPostprocessing = 0;
		};
		7F6C2F1B2B4F4E9000A1B201 /* Resources */ = {
			isa = PBXResourcesBuildPhase;
			buildActionMask = 2147483647;
			files = (
				7F6C2F142B4F4E9000A1B201 /* response_completed_usage.log in Resources */,
				7F6C2F152B4F4E9000A1B201 /* codex_rate_limits.log in Resources */,
			);
			runOnlyForDeploymentPostprocessing = 0;
		};
/* End PBXResourcesBuildPhase section */

/* Begin PBXSourcesBuildPhase section */
		7F6C2E312B4F4E9000A1B201 /* Sources */ = {
			isa = PBXSourcesBuildPhase;
			buildActionMask = 2147483647;
			files = (
				7F6C2E402B4F4E9000A1B201 /* CodexPlusApp.swift in Sources */,
				7F6C2E412B4F4E9000A1B201 /* MenuBarContentView.swift in Sources */,
				7F6C2E502B4F4E9000A1B201 /* UsageSnapshot.swift in Sources */,
				7F6C2E512B4F4E9000A1B201 /* UsageProvider.swift in Sources */,
				7F6C2E522B4F4E9000A1B201 /* MockUsageProvider.swift in Sources */,
				7F6C2E532B4F4E9000A1B201 /* UsageService.swift in Sources */,
				7F6C2E602B4F4E9000A1B201 /* MenuBarDisplayMode.swift in Sources */,
				7F6C2E612B4F4E9000A1B201 /* SettingsStore.swift in Sources */,
				7F6C2E702B4F4E9000A1B201 /* CodexDesktopUsageProvider.swift in Sources */,
				7F6C2E712B4F4E9000A1B201 /* CodexUsageLogParser.swift in Sources */,
			);
			runOnlyForDeploymentPostprocessing = 0;
		};
		7F6C2F1C2B4F4E9000A1B201 /* Sources */ = {
			isa = PBXSourcesBuildPhase;
			buildActionMask = 2147483647;
			files = (
				7F6C2F302B4F4E9000A1B201 /* MenuBarContentView.swift in Sources */,
				7F6C2F312B4F4E9000A1B201 /* UsageSnapshot.swift in Sources */,
				7F6C2F322B4F4E9000A1B201 /* UsageProvider.swift in Sources */,
				7F6C2F332B4F4E9000A1B201 /* MockUsageProvider.swift in Sources */,
				7F6C2F342B4F4E9000A1B201 /* UsageService.swift in Sources */,
				7F6C2F352B4F4E9000A1B201 /* MenuBarDisplayMode.swift in Sources */,
				7F6C2F362B4F4E9000A1B201 /* SettingsStore.swift in Sources */,
				7F6C2F372B4F4E9000A1B201 /* CodexDesktopUsageProvider.swift in Sources */,
				7F6C2F382B4F4E9000A1B201 /* CodexUsageLogParser.swift in Sources */,
				7F6C2F102B4F4E9000A1B201 /* UsageModelTests.swift in Sources */,
				7F6C2F112B4F4E9000A1B201 /* CodexUsageLogParserTests.swift in Sources */,
				7F6C2F122B4F4E9000A1B201 /* UsageServiceTests.swift in Sources */,
				7F6C2F132B4F4E9000A1B201 /* MenuBarContentViewSmokeTests.swift in Sources */,
			);
			runOnlyForDeploymentPostprocessing = 0;
		};
/* End PBXSourcesBuildPhase section */

/* Begin XCBuildConfiguration section */
		7F6C2E422B4F4E9000A1B201 /* Debug */ = {
			isa = XCBuildConfiguration;
			buildSettings = {
				ALWAYS_SEARCH_USER_PATHS = NO;
				CLANG_ANALYZER_NONNULL = YES;
				CLANG_ANALYZER_NUMBER_OBJECT_CONVERSION = YES_AGGRESSIVE;
				CLANG_CXX_LANGUAGE_STANDARD = "gnu++20";
				CLANG_ENABLE_MODULES = YES;
				CLANG_ENABLE_OBJC_ARC = YES;
				CLANG_ENABLE_OBJC_WEAK = YES;
				CLANG_WARN_BLOCK_CAPTURE_AUTORELEASING = YES;
				CLANG_WARN_BOOL_CONVERSION = YES;
				CLANG_WARN_COMMA = YES;
				CLANG_WARN_CONSTANT_CONVERSION = YES;
				CLANG_WARN_DEPRECATED_OBJC_IMPLEMENTATIONS = YES;
				CLANG_WARN_DIRECT_OBJC_ISA_USAGE = YES_ERROR;
				CLANG_WARN_DOCUMENTATION_COMMENTS = YES;
				CLANG_WARN_EMPTY_BODY = YES;
				CLANG_WARN_ENUM_CONVERSION = YES;
				CLANG_WARN_INFINITE_RECURSION = YES;
				CLANG_WARN_INT_CONVERSION = YES;
				CLANG_WARN_NON_LITERAL_NULL_CONVERSION = YES;
				CLANG_WARN_OBJC_IMPLICIT_RETAIN_SELF = YES;
				CLANG_WARN_OBJC_LITERAL_CONVERSION = YES;
				CLANG_WARN_OBJC_ROOT_CLASS = YES_ERROR;
				CLANG_WARN_QUOTED_INCLUDE_IN_FRAMEWORK_HEADER = YES;
				CLANG_WARN_RANGE_LOOP_ANALYSIS = YES;
				CLANG_WARN_STRICT_PROTOTYPES = YES;
				CLANG_WARN_SUSPICIOUS_MOVE = YES;
				CLANG_WARN_UNGUARDED_AVAILABILITY = YES_AGGRESSIVE;
				CLANG_WARN_UNREACHABLE_CODE = YES;
				CLANG_WARN__DUPLICATE_METHOD_MATCH = YES;
				COPY_PHASE_STRIP = NO;
				DEBUG_INFORMATION_FORMAT = dwarf;
				ENABLE_STRICT_OBJC_MSGSEND = YES;
				ENABLE_TESTABILITY = YES;
				ENABLE_USER_SCRIPT_SANDBOXING = YES;
				GCC_C_LANGUAGE_STANDARD = gnu17;
				GCC_DYNAMIC_NO_PIC = NO;
				GCC_NO_COMMON_BLOCKS = YES;
				GCC_OPTIMIZATION_LEVEL = 0;
				GCC_PREPROCESSOR_DEFINITIONS = (
					"DEBUG=1",
					"$(inherited)",
				);
				GCC_WARN_64_TO_32_BIT_CONVERSION = YES;
				GCC_WARN_ABOUT_RETURN_TYPE = YES_ERROR;
				GCC_WARN_UNDECLARED_SELECTOR = YES;
				GCC_WARN_UNINITIALIZED_AUTOS = YES_AGGRESSIVE;
				GCC_WARN_UNUSED_FUNCTION = YES;
				GCC_WARN_UNUSED_VARIABLE = YES;
				MACOSX_DEPLOYMENT_TARGET = 26.0;
				MTL_ENABLE_DEBUG_INFO = INCLUDE_SOURCE;
				MTL_FAST_MATH = YES;
				ONLY_ACTIVE_ARCH = YES;
				SDKROOT = macosx;
				SWIFT_ACTIVE_COMPILATION_CONDITIONS = DEBUG;
				SWIFT_OPTIMIZATION_LEVEL = "-Onone";
			};
			name = Debug;
		};
		7F6C2E432B4F4E9000A1B201 /* Release */ = {
			isa = XCBuildConfiguration;
			buildSettings = {
				ALWAYS_SEARCH_USER_PATHS = NO;
				CLANG_ANALYZER_NONNULL = YES;
				CLANG_ANALYZER_NUMBER_OBJECT_CONVERSION = YES_AGGRESSIVE;
				CLANG_CXX_LANGUAGE_STANDARD = "gnu++20";
				CLANG_ENABLE_MODULES = YES;
				CLANG_ENABLE_OBJC_ARC = YES;
				CLANG_ENABLE_OBJC_WEAK = YES;
				CLANG_WARN_BLOCK_CAPTURE_AUTORELEASING = YES;
				CLANG_WARN_BOOL_CONVERSION = YES;
				CLANG_WARN_COMMA = YES;
				CLANG_WARN_CONSTANT_CONVERSION = YES;
				CLANG_WARN_DEPRECATED_OBJC_IMPLEMENTATIONS = YES;
				CLANG_WARN_DIRECT_OBJC_ISA_USAGE = YES_ERROR;
				CLANG_WARN_DOCUMENTATION_COMMENTS = YES;
				CLANG_WARN_EMPTY_BODY = YES;
				CLANG_WARN_ENUM_CONVERSION = YES;
				CLANG_WARN_INFINITE_RECURSION = YES;
				CLANG_WARN_INT_CONVERSION = YES;
				CLANG_WARN_NON_LITERAL_NULL_CONVERSION = YES;
				CLANG_WARN_OBJC_IMPLICIT_RETAIN_SELF = YES;
				CLANG_WARN_OBJC_LITERAL_CONVERSION = YES;
				CLANG_WARN_OBJC_ROOT_CLASS = YES_ERROR;
				CLANG_WARN_QUOTED_INCLUDE_IN_FRAMEWORK_HEADER = YES;
				CLANG_WARN_RANGE_LOOP_ANALYSIS = YES;
				CLANG_WARN_STRICT_PROTOTYPES = YES;
				CLANG_WARN_SUSPICIOUS_MOVE = YES;
				CLANG_WARN_UNGUARDED_AVAILABILITY = YES_AGGRESSIVE;
				CLANG_WARN_UNREACHABLE_CODE = YES;
				CLANG_WARN__DUPLICATE_METHOD_MATCH = YES;
				COPY_PHASE_STRIP = NO;
				DEBUG_INFORMATION_FORMAT = "dwarf-with-dsym";
				ENABLE_NS_ASSERTIONS = NO;
				ENABLE_STRICT_OBJC_MSGSEND = YES;
				ENABLE_USER_SCRIPT_SANDBOXING = YES;
				GCC_C_LANGUAGE_STANDARD = gnu17;
				GCC_NO_COMMON_BLOCKS = YES;
				GCC_WARN_64_TO_32_BIT_CONVERSION = YES;
				GCC_WARN_ABOUT_RETURN_TYPE = YES_ERROR;
				GCC_WARN_UNDECLARED_SELECTOR = YES;
				GCC_WARN_UNINITIALIZED_AUTOS = YES_AGGRESSIVE;
				GCC_WARN_UNUSED_FUNCTION = YES;
				GCC_WARN_UNUSED_VARIABLE = YES;
				MACOSX_DEPLOYMENT_TARGET = 26.0;
				MTL_ENABLE_DEBUG_INFO = NO;
				MTL_FAST_MATH = YES;
				SDKROOT = macosx;
				SWIFT_COMPILATION_MODE = wholemodule;
				SWIFT_OPTIMIZATION_LEVEL = "-O";
				VALIDATE_PRODUCT = YES;
			};
			name = Release;
		};
		7F6C2E462B4F4E9000A1B201 /* Debug */ = {
			isa = XCBuildConfiguration;
			buildSettings = {
				ASSETCATALOG_COMPILER_APPICON_NAME = AppIcon;
				CODE_SIGN_IDENTITY = "-";
				CODE_SIGN_STYLE = Manual;
				COMBINE_HIDPI_IMAGES = YES;
				CURRENT_PROJECT_VERSION = 1;
				ENABLE_HARDENED_RUNTIME = YES;
				GENERATE_INFOPLIST_FILE = NO;
				INFOPLIST_FILE = CodexPlus/Info.plist;
				LD_RUNPATH_SEARCH_PATHS = (
					"$(inherited)",
					"@executable_path/../Frameworks",
				);
				MACOSX_DEPLOYMENT_TARGET = 26.0;
				MARKETING_VERSION = 0.1.2;
				PRODUCT_BUNDLE_IDENTIFIER = com.weitianshu.CodexPlus;
				PRODUCT_MODULE_NAME = CodexPlus;
				PRODUCT_NAME = "Codex用量";
				SDKROOT = macosx;
				SUPPORTED_PLATFORMS = macosx;
				SWIFT_EMIT_LOC_STRINGS = YES;
				SWIFT_VERSION = 5.0;
			};
			name = Debug;
		};
		7F6C2E472B4F4E9000A1B201 /* Release */ = {
			isa = XCBuildConfiguration;
			buildSettings = {
				ASSETCATALOG_COMPILER_APPICON_NAME = AppIcon;
				CODE_SIGN_IDENTITY = "-";
				CODE_SIGN_INJECT_BASE_ENTITLEMENTS = NO;
				CODE_SIGN_STYLE = Manual;
				COMBINE_HIDPI_IMAGES = YES;
				CURRENT_PROJECT_VERSION = 1;
				ENABLE_HARDENED_RUNTIME = YES;
				GENERATE_INFOPLIST_FILE = NO;
				INFOPLIST_FILE = CodexPlus/Info.plist;
				LD_RUNPATH_SEARCH_PATHS = (
					"$(inherited)",
					"@executable_path/../Frameworks",
				);
				MACOSX_DEPLOYMENT_TARGET = 26.0;
				MARKETING_VERSION = 0.1.2;
				PRODUCT_BUNDLE_IDENTIFIER = com.weitianshu.CodexPlus;
				PRODUCT_MODULE_NAME = CodexPlus;
				PRODUCT_NAME = "Codex用量";
				SDKROOT = macosx;
				SUPPORTED_PLATFORMS = macosx;
				SWIFT_EMIT_LOC_STRINGS = YES;
				SWIFT_VERSION = 5.0;
			};
			name = Release;
		};
		7F6C2F222B4F4E9000A1B201 /* Debug */ = {
			isa = XCBuildConfiguration;
			buildSettings = {
				CODE_SIGN_IDENTITY = "-";
				CODE_SIGN_STYLE = Manual;
				COMBINE_HIDPI_IMAGES = YES;
				GENERATE_INFOPLIST_FILE = YES;
				LD_RUNPATH_SEARCH_PATHS = (
					"$(inherited)",
					"@executable_path/../Frameworks",
					"@loader_path/../Frameworks",
				);
				MACOSX_DEPLOYMENT_TARGET = 26.0;
				PRODUCT_BUNDLE_IDENTIFIER = com.weitianshu.CodexPlusTests;
				PRODUCT_NAME = "$(TARGET_NAME)";
				SDKROOT = macosx;
				SUPPORTED_PLATFORMS = macosx;
				SWIFT_VERSION = 5.0;
			};
			name = Debug;
		};
		7F6C2F232B4F4E9000A1B201 /* Release */ = {
			isa = XCBuildConfiguration;
			buildSettings = {
				CODE_SIGN_IDENTITY = "-";
				CODE_SIGN_STYLE = Manual;
				COMBINE_HIDPI_IMAGES = YES;
				GENERATE_INFOPLIST_FILE = YES;
				LD_RUNPATH_SEARCH_PATHS = (
					"$(inherited)",
					"@executable_path/../Frameworks",
					"@loader_path/../Frameworks",
				);
				MACOSX_DEPLOYMENT_TARGET = 26.0;
				PRODUCT_BUNDLE_IDENTIFIER = com.weitianshu.CodexPlusTests;
				PRODUCT_NAME = "$(TARGET_NAME)";
				SDKROOT = macosx;
				SUPPORTED_PLATFORMS = macosx;
				SWIFT_VERSION = 5.0;
			};
			name = Release;
		};
/* End XCBuildConfiguration section */

/* Begin XCConfigurationList section */
		7F6C2E302B4F4E9000A1B201 /* Build configuration list for PBXProject "CodexPlus" */ = {
			isa = XCConfigurationList;
			buildConfigurations = (
				7F6C2E422B4F4E9000A1B201 /* Debug */,
				7F6C2E432B4F4E9000A1B201 /* Release */,
			);
			defaultConfigurationIsVisible = 0;
			defaultConfigurationName = Release;
		};
		7F6C2E452B4F4E9000A1B201 /* Build configuration list for PBXNativeTarget "CodexPlus" */ = {
			isa = XCConfigurationList;
			buildConfigurations = (
				7F6C2E462B4F4E9000A1B201 /* Debug */,
				7F6C2E472B4F4E9000A1B201 /* Release */,
			);
			defaultConfigurationIsVisible = 0;
			defaultConfigurationName = Release;
		};
		7F6C2F252B4F4E9000A1B201 /* Build configuration list for PBXNativeTarget "CodexPlusTests" */ = {
			isa = XCConfigurationList;
			buildConfigurations = (
				7F6C2F222B4F4E9000A1B201 /* Debug */,
				7F6C2F232B4F4E9000A1B201 /* Release */,
			);
			defaultConfigurationIsVisible = 0;
			defaultConfigurationName = Release;
		};
/* End XCConfigurationList section */
	};
	rootObject = 7F6C2E2D2B4F4E9000A1B201 /* Project object */;
}
